
Microsoft Visual Studio Solution File, Format Version 12.00
# Visual Studio Version 18
VisualStudioVersion = 18.0.11018.127 d18.0
MinimumVisualStudioVersion = 10.0.40219.1
Project("{FAE04EC0-301F-11D3-BF4B-00C04F79EFBC}") = "Products", "Products\Products.csproj", "{894A369B-C408-492A-998C-690054C5C626}"
EndProject
Project("{FAE04EC0-301F-11D3-BF4B-00C04F79EFBC}") = "ShoppingAssistantAgent", "ShoppingAssistantAgent\ShoppingAssistantAgent.csproj", "{1A318248-07C1-4892-9CCB-D1865488EDA3}"
EndProject
Project("{FAE04EC0-301F-11D3-BF4B-00C04F79EFBC}") = "Store", "Store\Store.csproj", "{CE538CFF-DB88-4BBD-9A58-D418C20C01C4}"
EndProject
Project("{FAE04EC0-301F-11D3-BF4B-00C04F79EFBC}") = "eShopAppHost", "eShopAppHost\eShopAppHost.csproj", "{8311C805-B917-4130-92A8-7EC128E2A51C}"
EndProject
Project("{FAE04EC0-301F-11D3-BF4B-00C04F79EFBC}") = "DataEntities", "DataEntities\DataEntities.csproj", "{452026F2-233E-4D35-81F6-49C1F55A3312}"
EndProject
Project("{FAE04EC0-301F-11D3-BF4B-00C04F79EFBC}") = "SearchEntities", "SearchEntities\SearchEntities.csproj", "{61D7EE09-A598-410C-B11A-EA56B4841354}"
EndProject
Project("{FAE04EC0-301F-11D3-BF4B-00C04F79EFBC}") = "VectorEntities", "VectorEntities\VectorEntities.csproj", "{49CCF7C8-D639-4FCD-9C58-74D8B727D706}"
EndProject
Project("{FAE04EC0-301F-11D3-BF4B-00C04F79EFBC}") = "eShopServiceDefaults", "eShopServiceDefaults\eShopServiceDefaults.csproj", "{03C8FD84-9023-4F12-ACD9-609C84320F6B}"
EndProject
Project("{FAE04EC0-301F-11D3-BF4B-00C04F79EFBC}") = "CartEntities", "CartEntities\CartEntities.csproj", "{6566D45E-D847-4B12-A0DA-39FF6C23F872}"
EndProject
Project("{2150E333-8FDC-42A3-9474-1A3956D46DE8}") = "1. Aspire", "1. Aspire", "{5641A036-E7AF-411A-AF40-8A40E67512BB}"
EndProject
Project("{2150E333-8FDC-42A3-9474-1A3956D46DE8}") = "2. App", "2. App", "{8D6AFEA5-D273-4027-9D67-B2E7EFBBB4AB}"
EndProject
Project("{2150E333-8FDC-42A3-9474-1A3956D46DE8}") = "3. Services", "3. Services", "{3B2B8E1C-08F1-46B6-8F3E-FF9396139BAD}"
EndProject
Project("{2150E333-8FDC-42A3-9474-1A3956D46DE8}") = "4. Agents", "4. Agents", "{6550E3F7-B52F-4017-AE21-2AF8FAD6C0B8}"
EndProject
Project("{2150E333-8FDC-42A3-9474-1A3956D46DE8}") = "5. Models", "5. Models", "{52FA3F62-1706-45DB-893C-F51A5ABF17CE}"
EndProject
Global
	GlobalSection(SolutionConfigurationPlatforms) = preSolution
		Debug|Any CPU = Debug|Any CPU
		Debug|x64 = Debug|x64
		Debug|x86 = Debug|x86
		Release|Any CPU = Release|Any CPU
		Release|x64 = Release|x64
		Release|x86 = Release|x86
	EndGlobalSection
	GlobalSection(ProjectConfigurationPlatforms) = postSolution
		{894A369B-C408-492A-998C-690054C5C626}.Debug|Any CPU.ActiveCfg = Debug|Any CPU
		{894A369B-C408-492A-998C-690054C5C626}.Debug|Any CPU.Build.0 = Debug|Any CPU
		{894A369B-C408-492A-998C-690054C5C626}.Debug|x64.ActiveCfg = Debug|Any CPU
		{894A369B-C408-492A-998C-690054C5C626}.Debug|x64.Build.0 = Debug|Any CPU
		{894A369B-C408-492A-998C-690054C5C626}.Debug|x86.ActiveCfg = Debug|Any CPU
		{894A369B-C408-492A-998C-690054C5C626}.Debug|x86.Build.0 = Debug|Any CPU
		{894A369B-C408-492A-998C-690054C5C626}.Release|Any CPU.ActiveCfg = Release|Any CPU
		{894A369B-C408-492A-998C-690054C5C626}.Release|Any CPU.Build.0 = Release|Any CPU
		{894A369B-C408-492A-998C-690054C5C626}.Release|x64.ActiveCfg = Release|Any CPU
		{894A369B-C408-492A-998C-690054C5C626}.Release|x64.Build.0 = Release|Any CPU
		{894A369B-C408-492A-998C-690054C5C626}.Release|x86.ActiveCfg = Release|Any CPU
		{894A369B-C408-492A-998C-690054C5C626}.Release|x86.Build.0 = Release|Any CPU
		{1A318248-07C1-4892-9CCB-D1865488EDA3}.Debug|Any CPU.ActiveCfg = Debug|Any CPU
		{1A318248-07C1-4892-9CCB-D1865488EDA3}.Debug|Any CPU.Build.0 = Debug|Any CPU
		{1A318248-07C1-4892-9CCB-D1865488EDA3}.Debug|x64.ActiveCfg = Debug|Any CPU
		{1A318248-07C1-4892-9CCB-D1865488EDA3}.Debug|x64.Build.0 = Debug|Any CPU
		{1A318248-07C1-4892-9CCB-D1865488EDA3}.Debug|x86.ActiveCfg = Debug|Any CPU
		{1A318248-07C1-4892-9CCB-D1865488EDA3}.Debug|x86.Build.0 = Debug|Any CPU
		{1A318248-07C1-4892-9CCB-D1865488EDA3}.Release|Any CPU.ActiveCfg = Release|Any CPU
		{1A318248-07C1-4892-9CCB-D1865488EDA3}.Release|Any CPU.Build.0 = Release|Any CPU
		{1A318248-07C1-4892-9CCB-D1865488EDA3}.Release|x64.ActiveCfg = Release|Any CPU
		{1A318248-07C1-4892-9CCB-D1865488EDA3}.Release|x64.Build.0 = Release|Any CPU
		{1A318248-07C1-4892-9CCB-D1865488EDA3}.Release|x86.ActiveCfg = Release|Any CPU
		{1A318248-07C1-4892-9CCB-D1865488EDA3}.Release|x86.Build.0 = Release|Any CPU
		{CE538CFF-DB88-4BBD-9A58-D418C20C01C4}.Debug|Any CPU.ActiveCfg = Debug|Any CPU
		{CE538CFF-DB88-4BBD-9A58-D418C20C01C4}.Debug|Any CPU.Build.0 = Debug|Any CPU
		{CE538CFF-DB88-4BBD-9A58-D418C20C01C4}.Debug|x64.ActiveCfg = Debug|Any CPU
		{CE538CFF-DB88-4BBD-9A58-D418C20C01C4}.Debug|x64.Build.0 = Debug|Any CPU
		{CE538CFF-DB88-4BBD-9A58-D418C20C01C4}.Debug|x86.ActiveCfg = Debug|Any CPU
		{CE538CFF-DB88-4BBD-9A58-D418C20C01C4}.Debug|x86.Build.0 = Debug|Any CPU
		{CE538CFF-DB88-4BBD-9A58-D418C20C01C4}.Release|Any CPU.ActiveCfg = Release|Any CPU
		{CE538CFF-DB88-4BBD-9A58-D418C20C01C4}.Release|Any CPU.Build.0 = Release|Any CPU
		{CE538CFF-DB88-4BBD-9A58-D418C20C01C4}.Release|x64.ActiveCfg = Release|Any CPU
		{CE538CFF-DB88-4BBD-9A58-D418C20C01C4}.Release|x64.Build.0 = Release|Any CPU
		{CE538CFF-DB88-4BBD-9A58-D418C20C01C4}.Release|x86.ActiveCfg = Release|Any CPU
		{CE538CFF-DB88-4BBD-9A58-D418C20C01C4}.Release|x86.Build.0 = Release|Any CPU
		{8311C805-B917-4130-92A8-7EC128E2A51C}.Debug|Any CPU.ActiveCfg = Debug|Any CPU
		{8311C805-B917-4130-92A8-7EC128E2A51C}.Debug|Any CPU.Build.0 = Debug|Any CPU
		{8311C805-B917-4130-92A8-7EC128E2A51C}.Debug|x64.ActiveCfg = Debug|Any CPU
		{8311C805-B917-4130-92A8-7EC128E2A51C}.Debug|x64.Build.0 = Debug|Any CPU
		{8311C805-B917-4130-92A8-7EC128E2A51C}.Debug|x86.ActiveCfg = Debug|Any CPU
		{8311C805-B917-4130-92A8-7EC128E2A51C}.Debug|x86.Build.0 = Debug|Any CPU
		{8311C805-B917-4130-92A8-7EC128E2A51C}.Release|Any CPU.ActiveCfg = Release|Any CPU
		{8311C805-B917-4130-92A8-7EC128E2A51C}.Release|Any CPU.Build.0 = Release|Any CPU
		{8311C805-B917-4130-92A8-7EC128E2A51C}.Release|x64.ActiveCfg = Release|Any CPU
		{8311C805-B917-4130-92A8-7EC128E2A51C}.Release|x64.Build.0 = Release|Any CPU
		{8311C805-B917-4130-92A8-7EC128E2A51C}.Release|x86.ActiveCfg = Release|Any CPU
		{8311C805-B917-4130-92A8-7EC128E2A51C}.Release|x86.Build.0 = Release|Any CPU
		{452026F2-233E-4D35-81F6-49C1F55A3312}.Debug|Any CPU.ActiveCfg = Debug|Any CPU
		{452026F2-233E-4D35-81F6-49C1F55A3312}.Debug|Any CPU.Build.0 = Debug|Any CPU
		{452026F2-233E-4D35-81F6-49C1F55A3312}.Debug|x64.ActiveCfg = Debug|Any CPU
		{452026F2-233E-4D35-81F6-49C1F55A3312}.Debug|x64.Build.0 = Debug|Any CPU
		{452026F2-233E-4D35-81F6-49C1F55A3312}.Debug|x86.ActiveCfg = Debug|Any CPU
		{452026F2-233E-4D35-81F6-49C1F55A3312}.Debug|x86.Build.0 = Debug|Any CPU
		{452026F2-233E-4D35-81F6-49C1F55A3312}.Release|Any CPU.ActiveCfg = Release|Any CPU
		{452026F2-233E-4D35-81F6-49C1F55A3312}.Release|Any CPU.Build.0 = Release|Any CPU
		{452026F2-233E-4D35-81F6-49C1F55A3312}.Release|x64.ActiveCfg = Release|Any CPU
		{452026F2-233E-4D35-81F6-49C1F55A3312}.Release|x64.Build.0 = Release|Any CPU
		{452026F2-233E-4D35-81F6-49C1F55A3312}.Release|x86.ActiveCfg = Release|Any CPU
		{452026F2-233E-4D35-81F6-49C1F55A3312}.Release|x86.Build.0 = Release|Any CPU
		{61D7EE09-A598-410C-B11A-EA56B4841354}.Debug|Any CPU.ActiveCfg = Debug|Any CPU
		{61D7EE09-A598-410C-B11A-EA56B4841354}.Debug|Any CPU.Build.0 = Debug|Any CPU
		{61D7EE09-A598-410C-B11A-EA56B4841354}.Debug|x64.ActiveCfg = Debug|Any CPU
		{61D7EE09-A598-410C-B11A-EA56B4841354}.Debug|x64.Build.0 = Debug|Any CPU
		{61D7EE09-A598-410C-B11A-EA56B4841354}.Debug|x86.ActiveCfg = Debug|Any CPU
		{61D7EE09-A598-410C-B11A-EA56B4841354}.Debug|x86.Build.0 = Debug|Any CPU
		{61D7EE09-A598-410C-B11A-EA56B4841354}.Release|Any CPU.ActiveCfg = Release|Any CPU
		{61D7EE09-A598-410C-B11A-EA56B4841354}.Release|Any CPU.Build.0 = Release|Any CPU
		{61D7EE09-A598-410C-B11A-EA56B4841354}.Release|x64.ActiveCfg = Release|Any CPU
		{61D7EE09-A598-410C-B11A-EA56B4841354}.Release|x64.Build.0 = Release|Any CPU
		{61D7EE09-A598-410C-B11A-EA56B4841354}.Release|x86.ActiveCfg = Release|Any CPU
		{61D7EE09-A598-410C-B11A-EA56B4841354}.Release|x86.Build.0 = Release|Any CPU
		{49CCF7C8-D639-4FCD-9C58-74D8B727D706}.Debug|Any CPU.ActiveCfg = Debug|Any CPU
		{49CCF7C8-D639-4FCD-9C58-74D8B727D706}.Debug|Any CPU.Build.0 = Debug|Any CPU
		{49CCF7C8-D639-4FCD-9C58-74D8B727D706}.Debug|x64.ActiveCfg = Debug|Any CPU
		{49CCF7C8-D639-4FCD-9C58-74D8B727D706}.Debug|x64.Build.0 = Debug|Any CPU
		{49CCF7C8-D639-4FCD-9C58-74D8B727D706}.Debug|x86.ActiveCfg = Debug|Any CPU
		{49CCF7C8-D639-4FCD-9C58-74D8B727D706}.Debug|x86.Build.0 = Debug|Any CPU
		{49CCF7C8-D639-4FCD-9C58-74D8B727D706}.Release|Any CPU.ActiveCfg = Release|Any CPU
		{49CCF7C8-D639-4FCD-9C58-74D8B727D706}.Release|Any CPU.Build.0 = Release|Any CPU
		{49CCF7C8-D639-4FCD-9C58-74D8B727D706}.Release|x64.ActiveCfg = Release|Any CPU
		{49CCF7C8-D639-4FCD-9C58-74D8B727D706}.Release|x64.Build.0 = Release|Any CPU
		{49CCF7C8-D639-4FCD-9C58-74D8B727D706}.Release|x86.ActiveCfg = Release|Any CPU
		{49CCF7C8-D639-4FCD-9C58-74D8B727D706}.Release|x86.Build.0 = Release|Any CPU
		{03C8FD84-9023-4F12-ACD9-609C84320F6B}.Debug|Any CPU.ActiveCfg = Debug|Any CPU
		{03C8FD84-9023-4F12-ACD9-609C84320F6B}.Debug|Any CPU.Build.0 = Debug|Any CPU
		{03C8FD84-9023-4F12-ACD9-609C84320F6B}.Debug|x64.ActiveCfg = Debug|Any CPU
		{03C8FD84-9023-4F12-ACD9-609C84320F6B}.Debug|x64.Build.0 = Debug|Any CPU
		{03C8FD84-9023-4F12-ACD9-609C84320F6B}.Debug|x86.ActiveCfg = Debug|Any CPU
		{03C8FD84-9023-4F12-ACD9-609C84320F6B}.Debug|x86.Build.0 = Debug|Any CPU
		{03C8FD84-9023-4F12-ACD9-609C84320F6B}.Release|Any CPU.ActiveCfg = Release|Any CPU
		{03C8FD84-9023-4F12-ACD9-609C84320F6B}.Release|Any CPU.Build.0 = Release|Any CPU
		{03C8FD84-9023-4F12-ACD9-609C84320F6B}.Release|x64.ActiveCfg = Release|Any CPU
		{03C8FD84-9023-4F12-ACD9-609C84320F6B}.Release|x64.Build.0 = Release|Any CPU
		{03C8FD84-9023-4F12-ACD9-609C84320F6B}.Release|x86.ActiveCfg = Release|Any CPU
		{03C8FD84-9023-4F12-ACD9-609C84320F6B}.Release|x86.Build.0 = Release|Any CPU
		{6566D45E-D847-4B12-A0DA-39FF6C23F872}.Debug|Any CPU.ActiveCfg = Debug|Any CPU
		{6566D45E-D847-4B12-A0DA-39FF6C23F872}.Debug|Any CPU.Build.0 = Debug|Any CPU
		{6566D45E-D847-4B12-A0DA-39FF6C23F872}.Debug|x64.ActiveCfg = Debug|Any CPU
		{6566D45E-D847-4B12-A0DA-39FF6C23F872}.Debug|x64.Build.0 = Debug|Any CPU
		{6566D45E-D847-4B12-A0DA-39FF6C23F872}.Debug|x86.ActiveCfg = Debug|Any CPU
		{6566D45E-D847-4B12-A0DA-39FF6C23F872}.Debug|x86.Build.0 = Debug|Any CPU
		{6566D45E-D847-4B12-A0DA-39FF6C23F872}.Release|Any CPU.ActiveCfg = Release|Any CPU
		{6566D45E-D847-4B12-A0DA-39FF6C23F872}.Release|Any CPU.Build.0 = Release|Any CPU
		{6566D45E-D847-4B12-A0DA-39FF6C23F872}.Release|x64.ActiveCfg = Release|Any CPU
		{6566D45E-D847-4B12-A0DA-39FF6C23F872}.Release|x64.Build.0 = Release|Any CPU
		{6566D45E-D847-4B12-A0DA-39FF6C23F872}.Release|x86.ActiveCfg = Release|Any CPU
		{6566D45E-D847-4B12-A0DA-39FF6C23F872}.Release|x86.Build.0 = Release|Any CPU
	EndGlobalSection
	GlobalSection(SolutionProperties) = preSolution
		HideSolutionNode = FALSE
	EndGlobalSection
	GlobalSection(NestedProjects) = preSolution
		{894A369B-C408-492A-998C-690054C5C626} = {3B2B8E1C-08F1-46B6-8F3E-FF9396139BAD}
		{1A318248-07C1-4892-9CCB-D1865488EDA3} = {6550E3F7-B52F-4017-AE21-2AF8FAD6C0B8}
		{CE538CFF-DB88-4BBD-9A58-D418C20C01C4} = {8D6AFEA5-D273-4027-9D67-B2E7EFBBB4AB}
		{8311C805-B917-4130-92A8-7EC128E2A51C} = {5641A036-E7AF-411A-AF40-8A40E67512BB}
		{452026F2-233E-4D35-81F6-49C1F55A3312} = {52FA3F62-1706-45DB-893C-F51A5ABF17CE}
		{61D7EE09-A598-410C-B11A-EA56B4841354} = {52FA3F62-1706-45DB-893C-F51A5ABF17CE}
		{49CCF7C8-D639-4FCD-9C58-74D8B727D706} = {52FA3F62-1706-45DB-893C-F51A5ABF17CE}
		{03C8FD84-9023-4F12-ACD9-609C84320F6B} = {5641A036-E7AF-411A-AF40-8A40E67512BB}
		{6566D45E-D847-4B12-A0DA-39FF6C23F872} = {52FA3F62-1706-45DB-893C-F51A5ABF17CE}
	EndGlobalSection
	GlobalSection(ExtensibilityGlobals) = postSolution
		SolutionGuid = {FA581DD5-BAED-4BD9-87F5-1161EDA68F5B}
	EndGlobalSection
EndGlobal
